[tools.bun]
version = "1.2.14"
backend = "core:bun"

[tools.bun.checksums]
"bun-linux-x64-baseline.zip" = "sha256:8590c16b934317401b69eae06109d36c399d64b041386b892f39bf75969abe12"

[tools."go:github.com/evilmartians/lefthook"]
version = "1.11.13"
backend = "go:github.com/evilmartians/lefthook"

[tools.markdownlint-cli2]
version = "0.18.1"
backend = "npm:markdownlint-cli2"

[tools.mask]
version = "0.11.6"
backend = "aqua:jacobdeichert/mask"
